lockfileVersion: '6.0'

settings:
  autoInstallPeers: true
  excludeLinksFromLockfile: false

dependencies:
  revolt-api:
    specifier: ^0.7.15
    version: 0.7.15

devDependencies:
  '@neon-rs/cli':
    specifier: 0.1.73
    version: 0.1.73

packages:

  /@cargo-messages/android-arm-eabi@0.1.72:
    resolution: {integrity: sha512-gGZxIM1mj+Y5x+ULND6ZCNr7f70OJi9wDlycSK8hGONy9wrChN6JAIHryddC5cqcwlYAoQ6IDcDFElnhAYbybA==}
    cpu: [arm]
    os: [android]
    requiresBuild: true
    dev: true
    optional: true

  /@cargo-messages/darwin-arm64@0.1.72:
    resolution: {integrity: sha512-EAzN5MLaXPljZKZDO5qR+aBs44eSq2ZbEnS7AI/FziE3MzeXbrGOS3fLba5+7yWPFXJyZolXzePm8N1EBv8ovg==}
    cpu: [arm64]
    os: [darwin]
    requiresBuild: true
    dev: true
    optional: true

  /@cargo-messages/darwin-x64@0.1.72:
    resolution: {integrity: sha512-RLo6j8s3nYbjdd1LDct4wamfChyRit7zokUuxtIYCu9XOlltkN5vnj1vwnrPvoqCMZ/7CbbuHFwSTn9A71de/w==}
    cpu: [x64]
    os: [darwin]
    requiresBuild: true
    dev: true
    optional: true

  /@cargo-messages/linux-arm-gnueabihf@0.1.72:
    resolution: {integrity: sha512-tHsRshuzfjrX6SDW3jg6al8vMNLTMgczGnVYl5RuBZf/yrAUuwe30KxA9ge6w6mW6Ox797DyBchzAc9OLgTgmQ==}
    cpu: [arm]
    os: [linux]
    requiresBuild: true
    dev: true
    optional: true

  /@cargo-messages/linux-x64-gnu@0.1.72:
    resolution: {integrity: sha512-VGtL6CCnUbhsP4aYuBNT5kfrAL7o0qjrxw97a+ax13t+nJd26tVEEIKHMu5drvvS/Nm/hn7sLT8zMnnCv0pvHg==}
    cpu: [x64]
    os: [linux]
    requiresBuild: true
    dev: true
    optional: true

  /@cargo-messages/win32-arm64-msvc@0.1.72:
    resolution: {integrity: sha512-V93Cgz39K+yqa3MveNbhh29pYCp8izK5uEavjPoxlNxAbsMCWH+s0verGDdUcfGxjR1H2V7oZ4FszPqR2SqMRQ==}
    cpu: [arm64]
    os: [win32]
    requiresBuild: true
    dev: true
    optional: true

  /@cargo-messages/win32-x64-msvc@0.1.72:
    resolution: {integrity: sha512-knz3uSrO0OSbq3U5VWfCY8FB4NsM43BOWLZ7x4sfaMOC1XWv+IyvDdkLe6DhJx8KUw46KIAimYs9YROrp6l46Q==}
    cpu: [x64]
    os: [win32]
    requiresBuild: true
    dev: true
    optional: true

  /@neon-rs/cli@0.1.73:
    resolution: {integrity: sha512-1kv8S/feB6UQWQQwsnGfkSkEBOtlFDNExnioL81E2BwvUWgjQPaseHgpi2EpWVgsPUgur5eBm4QowmlpWkD4/w==}
    hasBin: true
    optionalDependencies:
      '@cargo-messages/android-arm-eabi': 0.1.72
      '@cargo-messages/darwin-arm64': 0.1.72
      '@cargo-messages/darwin-x64': 0.1.72
      '@cargo-messages/linux-arm-gnueabihf': 0.1.72
      '@cargo-messages/linux-x64-gnu': 0.1.72
      '@cargo-messages/win32-arm64-msvc': 0.1.72
      '@cargo-messages/win32-x64-msvc': 0.1.72
    dev: true

  /axios@0.26.1:
    resolution: {integrity: sha512-fPwcX4EvnSHuInCMItEhAGnaSEXRBjtzh9fOtsE6E1G6p7vl7edEeZe11QHf18+6+9gR5PbKV/sGKNaD8YaMeA==}
    dependencies:
      follow-redirects: 1.15.6
    transitivePeerDependencies:
      - debug
    dev: false

  /follow-redirects@1.15.6:
    resolution: {integrity: sha512-wWN62YITEaOpSK584EZXJafH1AGpO8RVgElfkuXbTOrPX4fIfOyEpW/CsiNd8JdYrAoOvafRTOEnvsO++qCqFA==}
    engines: {node: '>=4.0'}
    peerDependencies:
      debug: '*'
    peerDependenciesMeta:
      debug:
        optional: true
    dev: false

  /lodash.defaultsdeep@4.6.1:
    resolution: {integrity: sha512-3j8wdDzYuWO3lM3Reg03MuQR957t287Rpcxp1njpEa8oDrikb+FwGdW3n+FELh/A6qib6yPit0j/pv9G/yeAqA==}
    dev: false

  /revolt-api@0.7.15:
    resolution: {integrity: sha512-rWRnjBFvoXt/RHRxHg9KuP+x1Jk61KdsOpKOczVJg5tIqGDmqp/6QZHw5rJTtG+wCH3Ah3YKwY+MM5NHfg1W3Q==}
    dependencies:
      axios: 0.26.1
      lodash.defaultsdeep: 4.6.1
    transitivePeerDependencies:
      - debug
    dev: false
